
Microsoft Visual Studio Solution File, Format Version 12.00
# Visual Studio Version 17
VisualStudioVersion = 17.3.32819.101
MinimumVisualStudioVersion = 10.0.40219.1
Project("{FAE04EC0-301F-11D3-BF4B-00C04F79EFBC}") = "shuttleasy", "shuttleasy\shuttleasy.csproj", "{D3862160-E86C-4F76-A672-FA922689B8A3}"
EndProject
Project("{FAE04EC0-301F-11D3-BF4B-00C04F79EFBC}") = "shuttleasy.data", "shuttleasy.data\shuttleasy.data.csproj", "{8F603352-8FDD-4E9F-840F-065E397523F0}"
EndProject
Global
	GlobalSection(SolutionConfigurationPlatforms) = preSolution
		Debug|Any CPU = Debug|Any CPU
		Release|Any CPU = Release|Any CPU
	EndGlobalSection
	GlobalSection(ProjectConfigurationPlatforms) = postSolution
		{D3862160-E86C-4F76-A672-FA922689B8A3}.Debug|Any CPU.ActiveCfg = Debug|Any CPU
		{D3862160-E86C-4F76-A672-FA922689B8A3}.Debug|Any CPU.Build.0 = Debug|Any CPU
		{D3862160-E86C-4F76-A672-FA922689B8A3}.Release|Any CPU.ActiveCfg = Release|Any CPU
		{D3862160-E86C-4F76-A672-FA922689B8A3}.Release|Any CPU.Build.0 = Release|Any CPU
		{8F603352-8FDD-4E9F-840F-065E397523F0}.Debug|Any CPU.ActiveCfg = Debug|Any CPU
		{8F603352-8FDD-4E9F-840F-065E397523F0}.Debug|Any CPU.Build.0 = Debug|Any CPU
		{8F603352-8FDD-4E9F-840F-065E397523F0}.Release|Any CPU.ActiveCfg = Release|Any CPU
		{8F603352-8FDD-4E9F-840F-065E397523F0}.Release|Any CPU.Build.0 = Release|Any CPU
	EndGlobalSection
	GlobalSection(SolutionProperties) = preSolution
		HideSolutionNode = FALSE
	EndGlobalSection
	GlobalSection(ExtensibilityGlobals) = postSolution
		SolutionGuid = {21C07E65-D5A3-4C6F-9D0F-3427A33A57A2}
	EndGlobalSection
EndGlobal
